
Microsoft Visual Studio Solution File, Format Version 12.00
# Visual Studio Version 16
VisualStudioVersion = 16.0.29102.190
MinimumVisualStudioVersion = 10.0.40219.1
Project("{FAE04EC0-301F-11D3-BF4B-00C04F79EFBC}") = "shop_sqlite", "shop_sqlite.csproj", "{0EC2AFFA-B6B6-4035-B35C-C65E49678843}"
EndProject
Global
	GlobalSection(SolutionConfigurationPlatforms) = preSolution
		Debug|Any CPU = Debug|Any CPU
		Debug|x64 = Debug|x64
		Debug|x86 = Debug|x86
		Release|Any CPU = Release|Any CPU
		Release|x64 = Release|x64
		Release|x86 = Release|x86
	EndGlobalSection
	GlobalSection(ProjectConfigurationPlatforms) = postSolution
		{0EC2AFFA-B6B6-4035-B35C-C65E49678843}.Debug|Any CPU.ActiveCfg = Debug|Any CPU
		{0EC2AFFA-B6B6-4035-B35C-C65E49678843}.Debug|Any CPU.Build.0 = Debug|Any CPU
		{0EC2AFFA-B6B6-4035-B35C-C65E49678843}.Debug|x64.ActiveCfg = Debug|x64
		{0EC2AFFA-B6B6-4035-B35C-C65E49678843}.Debug|x64.Build.0 = Debug|x64
		{0EC2AFFA-B6B6-4035-B35C-C65E49678843}.Debug|x86.ActiveCfg = Debug|Any CPU
		{0EC2AFFA-B6B6-4035-B35C-C65E49678843}.Debug|x86.Build.0 = Debug|Any CPU
		{0EC2AFFA-B6B6-4035-B35C-C65E49678843}.Release|Any CPU.ActiveCfg = Release|Any CPU
		{0EC2AFFA-B6B6-4035-B35C-C65E49678843}.Release|Any CPU.Build.0 = Release|Any CPU
		{0EC2AFFA-B6B6-4035-B35C-C65E49678843}.Release|x64.ActiveCfg = Release|x64
		{0EC2AFFA-B6B6-4035-B35C-C65E49678843}.Release|x64.Build.0 = Release|x64
		{0EC2AFFA-B6B6-4035-B35C-C65E49678843}.Release|x86.ActiveCfg = Release|Any CPU
		{0EC2AFFA-B6B6-4035-B35C-C65E49678843}.Release|x86.Build.0 = Release|Any CPU
	EndGlobalSection
	GlobalSection(SolutionProperties) = preSolution
		HideSolutionNode = FALSE
	EndGlobalSection
	GlobalSection(ExtensibilityGlobals) = postSolution
		SolutionGuid = {118F23C5-C2FC-44AB-A229-C28413749CC8}
	EndGlobalSection
EndGlobal
